
Microsoft Visual Studio Solution File, Format Version 12.00
# Visual Studio Version 16
VisualStudioVersion = 25.0.1706.14
MinimumVisualStudioVersion = 10.0.40219.1
Project("{FAE04EC0-301F-11D3-BF4B-00C04F79EFBC}") = "TwilioVideoBindingiOS", "TwilioVideoBindingiOS\TwilioVideoBindingiOS.csproj", "{0C0BDC39-4133-4325-863E-CE676D50F419}"
EndProject
Global
	GlobalSection(SolutionConfigurationPlatforms) = preSolution
		Debug|Any CPU = Debug|Any CPU
		Release|Any CPU = Release|Any CPU
		Debug|iPhoneSimulator = Debug|iPhoneSimulator
		Release|iPhoneSimulator = Release|iPhoneSimulator
		Debug|iPhone = Debug|iPhone
		Release|iPhone = Release|iPhone
	EndGlobalSection
	GlobalSection(ProjectConfigurationPlatforms) = postSolution
		{0C0BDC39-4133-4325-863E-CE676D50F419}.Debug|Any CPU.ActiveCfg = Debug|Any CPU
		{0C0BDC39-4133-4325-863E-CE676D50F419}.Debug|Any CPU.Build.0 = Debug|Any CPU
		{0C0BDC39-4133-4325-863E-CE676D50F419}.Release|Any CPU.ActiveCfg = Release|Any CPU
		{0C0BDC39-4133-4325-863E-CE676D50F419}.Release|Any CPU.Build.0 = Release|Any CPU
		{0C0BDC39-4133-4325-863E-CE676D50F419}.Debug|iPhoneSimulator.ActiveCfg = Debug|Any CPU
		{0C0BDC39-4133-4325-863E-CE676D50F419}.Debug|iPhoneSimulator.Build.0 = Debug|Any CPU
		{0C0BDC39-4133-4325-863E-CE676D50F419}.Release|iPhoneSimulator.ActiveCfg = Release|Any CPU
		{0C0BDC39-4133-4325-863E-CE676D50F419}.Release|iPhoneSimulator.Build.0 = Release|Any CPU
		{0C0BDC39-4133-4325-863E-CE676D50F419}.Debug|iPhone.ActiveCfg = Debug|Any CPU
		{0C0BDC39-4133-4325-863E-CE676D50F419}.Debug|iPhone.Build.0 = Debug|Any CPU
		{0C0BDC39-4133-4325-863E-CE676D50F419}.Release|iPhone.ActiveCfg = Release|Any CPU
		{0C0BDC39-4133-4325-863E-CE676D50F419}.Release|iPhone.Build.0 = Release|Any CPU
	EndGlobalSection
	GlobalSection(SolutionProperties) = preSolution
		HideSolutionNode = FALSE
	EndGlobalSection
	GlobalSection(ExtensibilityGlobals) = postSolution
		SolutionGuid = {6EFF9A5E-0E66-4848-B6E0-97A4A5CF262B}
	EndGlobalSection
EndGlobal
